
Microsoft Visual Studio Solution File, Format Version 12.00
# Visual Studio Version 16
VisualStudioVersion = 16.0.29806.167
MinimumVisualStudioVersion = 10.0.40219.1
Project("{FAE04EC0-301F-11D3-BF4B-00C04F79EFBC}") = "Audit.API", "Audit.API\Audit.API.csproj", "{C928C282-2E81-4C0B-8B68-C4C57E9FD467}"
EndProject
Project("{FAE04EC0-301F-11D3-BF4B-00C04F79EFBC}") = "Audit.DAL", "Audit.DAL\Audit.DAL.csproj", "{973A9D08-7472-4ABC-8B0D-363601774E39}"
EndProject
Project("{FAE04EC0-301F-11D3-BF4B-00C04F79EFBC}") = "Audit.Services", "Audit.Services\Audit.Services.csproj", "{A2824CE5-7203-49E4-AA7D-9739CB74887A}"
EndProject
Global
	GlobalSection(SolutionConfigurationPlatforms) = preSolution
		Debug|Any CPU = Debug|Any CPU
		Release|Any CPU = Release|Any CPU
	EndGlobalSection
	GlobalSection(ProjectConfigurationPlatforms) = postSolution
		{C928C282-2E81-4C0B-8B68-C4C57E9FD467}.Debug|Any CPU.ActiveCfg = Debug|Any CPU
		{C928C282-2E81-4C0B-8B68-C4C57E9FD467}.Debug|Any CPU.Build.0 = Debug|Any CPU
		{C928C282-2E81-4C0B-8B68-C4C57E9FD467}.Release|Any CPU.ActiveCfg = Release|Any CPU
		{C928C282-2E81-4C0B-8B68-C4C57E9FD467}.Release|Any CPU.Build.0 = Release|Any CPU
		{973A9D08-7472-4ABC-8B0D-363601774E39}.Debug|Any CPU.ActiveCfg = Debug|Any CPU
		{973A9D08-7472-4ABC-8B0D-363601774E39}.Debug|Any CPU.Build.0 = Debug|Any CPU
		{973A9D08-7472-4ABC-8B0D-363601774E39}.Release|Any CPU.ActiveCfg = Release|Any CPU
		{973A9D08-7472-4ABC-8B0D-363601774E39}.Release|Any CPU.Build.0 = Release|Any CPU
		{A2824CE5-7203-49E4-AA7D-9739CB74887A}.Debug|Any CPU.ActiveCfg = Debug|Any CPU
		{A2824CE5-7203-49E4-AA7D-9739CB74887A}.Debug|Any CPU.Build.0 = Debug|Any CPU
		{A2824CE5-7203-49E4-AA7D-9739CB74887A}.Release|Any CPU.ActiveCfg = Release|Any CPU
		{A2824CE5-7203-49E4-AA7D-9739CB74887A}.Release|Any CPU.Build.0 = Release|Any CPU
	EndGlobalSection
	GlobalSection(SolutionProperties) = preSolution
		HideSolutionNode = FALSE
	EndGlobalSection
	GlobalSection(ExtensibilityGlobals) = postSolution
		SolutionGuid = {A871E37F-F480-4604-B807-D386369135A0}
	EndGlobalSection
EndGlobal
